// !$*UTF8*$!
{
	archiveVersion = 1;
	classes = {
	};
	objectVersion = 50;
	objects = {

/* Begin PBXBuildFile section */
		18814DEC23F6897400F31818 /* AppDelegate.swift in Sources */ = {isa = PBXBuildFile; fileRef = 18814DEB23F6897400F31818 /* AppDelegate.swift */; };
		18814DEE23F6897400F31818 /* SceneDelegate.swift in Sources */ = {isa = PBXBuildFile; fileRef = 18814DED23F6897400F31818 /* SceneDelegate.swift */; };
		18814DF023F6897400F31818 /* ViewController.swift in Sources */ = {isa = PBXBuildFile; fileRef = 18814DEF23F6897400F31818 /* ViewController.swift */; };
		18814DF323F6897400F31818 /* Main.storyboard in Resources */ = {isa = PBXBuildFile; fileRef = 18814DF123F6897400F31818 /* Main.storyboard */; };
		18814DF523F6897600F31818 /* Assets.xcassets in Resources */ = {isa = PBXBuildFile; fileRef = 18814DF423F6897600F31818 /* Assets.xcassets */; };
		18814DF823F6897600F31818 /* LaunchScreen.storyboard in Resources */ = {isa = PBXBuildFile; fileRef = 18814DF623F6897600F31818 /* LaunchScreen.storyboard */; };
		18814E0323F6897600F31818 /* KHTTPSVideoPlayer_SwiftTests.swift in Sources */ = {isa = PBXBuildFile; fileRef = 18814E0223F6897600F31818 /* KHTTPSVideoPlayer_SwiftTests.swift */; };
		18814E0E23F6897600F31818 /* KHTTPSVideoPlayer_SwiftUITests.swift in Sources */ = {isa = PBXBuildFile; fileRef = 18814E0D23F6897600F31818 /* KHTTPSVideoPlayer_SwiftUITests.swift */; };
/* End PBXBuildFile section */

/* Begin PBXContainerItemProxy section */
		18814DFF23F6897600F31818 /* PBXContainerItemProxy */ = {
			isa = PBXContainerItemProxy;
			containerPortal = 18814DE023F6897400F31818 /* Project object */;
			proxyType = 1;
			remoteGlobalIDString = 18814DE723F6897400F31818;
			remoteInfo = KHTTPSVideoPlayer_Swift;
		};
		18814E0A23F6897600F31818 /* PBXContainerItemProxy */ = {
			isa = PBXContainerItemProxy;
			containerPortal = 18814DE023F6897400F31818 /* Project object */;
			proxyType = 1;
			remoteGlobalIDString = 18814DE723F6897400F31818;
			remoteInfo = KHTTPSVideoPlayer_Swift;
		};
/* End PBXContainerItemProxy section */

/* Begin PBXFileReference section */
		18814DE823F6897400F31818 /* KHTTPSVideoPlayer_Swift.app */ = {isa = PBXFileReference; explicitFileType = wrapper.application; includeInIndex = 0; path = KHTTPSVideoPlayer_Swift.app; sourceTree = BUILT_PRODUCTS_DIR; };
		18814DEB23F6897400F31818 /* AppDelegate.swift */ = {isa = PBXFileReference; lastKnownFileType = sourcecode.swift; path = AppDelegate.swift; sourceTree = "<group>"; };
		18814DED23F6897400F31818 /* SceneDelegate.swift */ = {isa = PBXFileReference; lastKnownFileType = sourcecode.swift; path = SceneDelegate.swift; sourceTree = "<group>"; };
		18814DEF23F6897400F31818 /* ViewController.swift */ = {isa = PBXFileReference; lastKnownFileType = sourcecode.swift; path = ViewController.swift; sourceTree = "<group>"; };
		18814DF223F6897400F31818 /* Base */ = {isa = PBXFileReference; lastKnownFileType = file.storyboard; name = Base; path = Base.lproj/Main.storyboard; sourceTree = "<group>"; };
		18814DF423F6897600F31818 /* Assets.xcassets */ = {isa = PBXFileReference; lastKnownFileType = folder.assetcatalog; path = Assets.xcassets; sourceTree = "<group>"; };
		18814DF723F6897600F31818 /* Base */ = {isa = PBXFileReference; lastKnownFileType = file.storyboard; name = Base; path = Base.lproj/LaunchScreen.storyboard; sourceTree = "<group>"; };
		18814DF923F6897600F31818 /* Info.plist */ = {isa = PBXFileReference; lastKnownFileType = text.plist.xml; path = Info.plist; sourceTree = "<group>"; };
		18814DFE23F6897600F31818 /* KHTTPSVideoPlayer_SwiftTests.xctest */ = {isa = PBXFileReference; explicitFileType = wrapper.cfbundle; includeInIndex = 0; path = KHTTPSVideoPlayer_SwiftTests.xctest; sourceTree = BUILT_PRODUCTS_DIR; };
		18814E0223F6897600F31818 /* KHTTPSVideoPlayer_SwiftTests.swift */ = {isa = PBXFileReference; lastKnownFileType = sourcecode.swift; path = KHTTPSVideoPlayer_SwiftTests.swift; sourceTree = "<group>"; };
		18814E0423F6897600F31818 /* Info.plist */ = {isa = PBXFileReference; lastKnownFileType = text.plist.xml; path = Info.plist; sourceTree = "<group>"; };
		18814E0923F6897600F31818 /* KHTTPSVideoPlayer_SwiftUITests.xctest */ = {isa = PBXFileReference; explicitFileType = wrapper.cfbundle; includeInIndex = 0; path = KHTTPSVideoPlayer_SwiftUITests.xctest; sourceTree = BUILT_PRODUCTS_DIR; };
		18814E0D23F6897600F31818 /* KHTTPSVideoPlayer_SwiftUITests.swift */ = {isa = PBXFileReference; lastKnownFileType = sourcecode.swift; path = KHTTPSVideoPlayer_SwiftUITests.swift; sourceTree = "<group>"; };
		18814E0F23F6897600F31818 /* Info.plist */ = {isa = PBXFileReference; lastKnownFileType = text.plist.xml; path = Info.plist; sourceTree = "<group>"; };
/* End PBXFileReference section */

/* Begin PBXFrameworksBuildPhase section */
		18814DE523F6897400F31818 /* Frameworks */ = {
			isa = PBXFrameworksBuildPhase;
			buildActionMask = 2147483647;
			files = (
			);
			runOnlyForDeploymentPostprocessing = 0;
		};
		18814DFB23F6897600F31818 /* Frameworks */ = {
			isa = PBXFrameworksBuildPhase;
			buildActionMask = 2147483647;
			files = (
			);
			runOnlyForDeploymentPostprocessing = 0;
		};
		18814E0623F6897600F31818 /* Frameworks */ = {
			isa = PBXFrameworksBuildPhase;
			buildActionMask = 2147483647;
			files = (
			);
			runOnlyForDeploymentPostprocessing = 0;
		};
/* End PBXFrameworksBuildPhase section */

/* Begin PBXGroup section */
		18814DDF23F6897400F31818 = {
			isa = PBXGroup;
			children = (
				18814DEA23F6897400F31818 /* KHTTPSVideoPlayer_Swift */,
				18814E0123F6897600F31818 /* KHTTPSVideoPlayer_SwiftTests */,
				18814E0C23F6897600F31818 /* KHTTPSVideoPlayer_SwiftUITests */,
				18814DE923F6897400F31818 /* Products */,
			);
			sourceTree = "<group>";
		};
		18814DE923F6897400F31818 /* Products */ = {
			isa = PBXGroup;
			children = (
				18814DE823F6897400F31818 /* KHTTPSVideoPlayer_Swift.app */,
				18814DFE23F6897600F31818 /* KHTTPSVideoPlayer_SwiftTests.xctest */,
				18814E0923F6897600F31818 /* KHTTPSVideoPlayer_SwiftUITests.xctest */,
			);
			name = Products;
			sourceTree = "<group>";
		};
		18814DEA23F6897400F31818 /* KHTTPSVideoPlayer_Swift */ = {
			isa = PBXGroup;
			children = (
				18814DEB23F6897400F31818 /* AppDelegate.swift */,
				18814DED23F6897400F31818 /* SceneDelegate.swift */,
				18814DEF23F6897400F31818 /* ViewController.swift */,
				18814DF123F6897400F31818 /* Main.storyboard */,
				18814DF423F6897600F31818 /* Assets.xcassets */,
				18814DF623F6897600F31818 /* LaunchScreen.storyboard */,
				18814DF923F6897600F31818 /* Info.plist */,
			);
			path = KHTTPSVideoPlayer_Swift;
			sourceTree = "<group>";
		};
		18814E0123F6897600F31818 /* KHTTPSVideoPlayer_SwiftTests */ = {
			isa = PBXGroup;
			children = (
				18814E0223F6897600F31818 /* KHTTPSVideoPlayer_SwiftTests.swift */,
				18814E0423F6897600F31818 /* Info.plist */,
			);
			path = KHTTPSVideoPlayer_SwiftTests;
			sourceTree = "<group>";
		};
		18814E0C23F6897600F31818 /* KHTTPSVideoPlayer_SwiftUITests */ = {
			isa = PBXGroup;
			children = (
				18814E0D23F6897600F31818 /* KHTTPSVideoPlayer_SwiftUITests.swift */,
				18814E0F23F6897600F31818 /* Info.plist */,
			);
			path = KHTTPSVideoPlayer_SwiftUITests;
			sourceTree = "<group>";
		};
/* End PBXGroup section */

/* Begin PBXNativeTarget section */
		18814DE723F6897400F31818 /* KHTTPSVideoPlayer_Swift */ = {
			isa = PBXNativeTarget;
			buildConfigurationList = 18814E1223F6897600F31818 /* Build configuration list for PBXNativeTarget "KHTTPSVideoPlayer_Swift" */;
			buildPhases = (
				18814DE423F6897400F31818 /* Sources */,
				18814DE523F6897400F31818 /* Frameworks */,
				18814DE623F6897400F31818 /* Resources */,
			);
			buildRules = (
			);
			dependencies = (
			);
			name = KHTTPSVideoPlayer_Swift;
			productName = KHTTPSVideoPlayer_Swift;
			productReference = 18814DE823F6897400F31818 /* KHTTPSVideoPlayer_Swift.app */;
			productType = "com.apple.product-type.application";
		};
		18814DFD23F6897600F31818 /* KHTTPSVideoPlayer_SwiftTests */ = {
			isa = PBXNativeTarget;
			buildConfigurationList = 18814E1523F6897600F31818 /* Build configuration list for PBXNativeTarget "KHTTPSVideoPlayer_SwiftTests" */;
			buildPhases = (
				18814DFA23F6897600F31818 /* Sources */,
				18814DFB23F6897600F31818 /* Frameworks */,
				18814DFC23F6897600F31818 /* Resources */,
			);
			buildRules = (
			);
			dependencies = (
				18814E0023F6897600F31818 /* PBXTargetDependency */,
			);
			name = KHTTPSVideoPlayer_SwiftTests;
			productName = KHTTPSVideoPlayer_SwiftTests;
			productReference = 18814DFE23F6897600F31818 /* KHTTPSVideoPlayer_SwiftTests.xctest */;
			productType = "com.apple.product-type.bundle.unit-test";
		};
		18814E0823F6897600F31818 /* KHTTPSVideoPlayer_SwiftUITests */ = {
			isa = PBXNativeTarget;
			buildConfigurationList = 18814E1823F6897600F31818 /* Build configuration list for PBXNativeTarget "KHTTPSVideoPlayer_SwiftUITests" */;
			buildPhases = (
				18814E0523F6897600F31818 /* Sources */,
				18814E0623F6897600F31818 /* Frameworks */,
				18814E0723F6897600F31818 /* Resources */,
			);
			buildRules = (
			);
			dependencies = (
				18814E0B23F6897600F31818 /* PBXTargetDependency */,
			);
			name = KHTTPSVideoPlayer_SwiftUITests;
			productName = KHTTPSVideoPlayer_SwiftUITests;
			productReference = 18814E0923F6897600F31818 /* KHTTPSVideoPlayer_SwiftUITests.xctest */;
			productType = "com.apple.product-type.bundle.ui-testing";
		};
/* End PBXNativeTarget section */

/* Begin PBXProject section */
		18814DE023F6897400F31818 /* Project object */ = {
			isa = PBXProject;
			attributes = {
				LastSwiftUpdateCheck = 1130;
				LastUpgradeCheck = 1130;
				ORGANIZATIONNAME = Apple;
				TargetAttributes = {
					18814DE723F6897400F31818 = {
						CreatedOnToolsVersion = 11.3.1;
					};
					18814DFD23F6897600F31818 = {
						CreatedOnToolsVersion = 11.3.1;
						TestTargetID = 18814DE723F6897400F31818;
					};
					18814E0823F6897600F31818 = {
						CreatedOnToolsVersion = 11.3.1;
						TestTargetID = 18814DE723F6897400F31818;
					};
				};
			};
			buildConfigurationList = 18814DE323F6897400F31818 /* Build configuration list for PBXProject "KHTTPSVideoPlayer_Swift" */;
			compatibilityVersion = "Xcode 9.3";
			developmentRegion = en;
			hasScannedForEncodings = 0;
			knownRegions = (
				en,
				Base,
			);
			mainGroup = 18814DDF23F6897400F31818;
			productRefGroup = 18814DE923F6897400F31818 /* Products */;
			projectDirPath = "";
			projectRoot = "";
			targets = (
				18814DE723F6897400F31818 /* KHTTPSVideoPlayer_Swift */,
				18814DFD23F6897600F31818 /* KHTTPSVideoPlayer_SwiftTests */,
				18814E0823F6897600F31818 /* KHTTPSVideoPlayer_SwiftUITests */,
			);
		};
/* End PBXProject section */

/* Begin PBXResourcesBuildPhase section */
		18814DE623F6897400F31818 /* Resources */ = {
			isa = PBXResourcesBuildPhase;
			buildActionMask = 2147483647;
			files = (
				18814DF823F6897600F31818 /* LaunchScreen.storyboard in Resources */,
				18814DF523F6897600F31818 /* Assets.xcassets in Resources */,
				18814DF323F6897400F31818 /* Main.storyboard in Resources */,
			);
			runOnlyForDeploymentPostprocessing = 0;
		};
		18814DFC23F6897600F31818 /* Resources */ = {
			isa = PBXResourcesBuildPhase;
			buildActionMask = 2147483647;
			files = (
			);
			runOnlyForDeploymentPostprocessing = 0;
		};
		18814E0723F6897600F31818 /* Resources */ = {
			isa = PBXResourcesBuildPhase;
			buildActionMask = 2147483647;
			files = (
			);
			runOnlyForDeploymentPostprocessing = 0;
		};
/* End PBXResourcesBuildPhase section */

/* Begin PBXSourcesBuildPhase section */
		18814DE423F6897400F31818 /* Sources */ = {
			isa = PBXSourcesBuildPhase;
			buildActionMask = 2147483647;
			files = (
				18814DF023F6897400F31818 /* ViewController.swift in Sources */,
				18814DEC23F6897400F31818 /* AppDelegate.swift in Sources */,
				18814DEE23F6897400F31818 /* SceneDelegate.swift in Sources */,
			);
			runOnlyForDeploymentPostprocessing = 0;
		};
		18814DFA23F6897600F31818 /* Sources */ = {
			isa = PBXSourcesBuildPhase;
			buildActionMask = 2147483647;
			files = (
				18814E0323F6897600F31818 /* KHTTPSVideoPlayer_SwiftTests.swift in Sources */,
			);
			runOnlyForDeploymentPostprocessing = 0;
		};
		18814E0523F6897600F31818 /* Sources */ = {
			isa = PBXSourcesBuildPhase;
			buildActionMask = 2147483647;
			files = (
				18814E0E23F6897600F31818 /* KHTTPSVideoPlayer_SwiftUITests.swift in Sources */,
			);
			runOnlyForDeploymentPostprocessing = 0;
		};
/* End PBXSourcesBuildPhase section */

/* Begin PBXTargetDependency section */
		18814E0023F6897600F31818 /* PBXTargetDependency */ = {
			isa = PBXTargetDependency;
			target = 18814DE723F6897400F31818 /* KHTTPSVideoPlayer_Swift */;
			targetProxy = 18814DFF23F6897600F31818 /* PBXContainerItemProxy */;
		};
		18814E0B23F6897600F31818 /* PBXTargetDependency */ = {
			isa = PBXTargetDependency;
			target = 18814DE723F6897400F31818 /* KHTTPSVideoPlayer_Swift */;
			targetProxy = 18814E0A23F6897600F31818 /* PBXContainerItemProxy */;
		};
/* End PBXTargetDependency section */

/* Begin PBXVariantGroup section */
		18814DF123F6897400F31818 /* Main.storyboard */ = {
			isa = PBXVariantGroup;
			children = (
				18814DF223F6897400F31818 /* Base */,
			);
			name = Main.storyboard;
			sourceTree = "<group>";
		};
		18814DF623F6897600F31818 /* LaunchScreen.storyboard */ = {
			isa = PBXVariantGroup;
			children = (
				18814DF723F6897600F31818 /* Base */,
			);
			name = LaunchScreen.storyboard;
			sourceTree = "<group>";
		};
/* End PBXVariantGroup section */

/* Begin XCBuildConfiguration section */
		18814E1023F6897600F31818 /* Debug */ = {
			isa = XCBuildConfiguration;
			buildSettings = {
				ALWAYS_SEARCH_USER_PATHS = NO;
				CLANG_ANALYZER_NONNULL = YES;
				CLANG_ANALYZER_NUMBER_OBJECT_CONVERSION = YES_AGGRESSIVE;
				CLANG_CXX_LANGUAGE_STANDARD = "gnu++14";
				CLANG_CXX_LIBRARY = "libc++";
				CLANG_ENABLE_MODULES = YES;
				CLANG_ENABLE_OBJC_ARC = YES;
				CLANG_ENABLE_OBJC_WEAK = YES;
				CLANG_WARN_BLOCK_CAPTURE_AUTORELEASING = YES;
				CLANG_WARN_BOOL_CONVERSION = YES;
				CLANG_WARN_COMMA = YES;
				CLANG_WARN_CONSTANT_CONVERSION = YES;
				CLANG_WARN_DEPRECATED_OBJC_IMPLEMENTATIONS = YES;
				CLANG_WARN_DIRECT_OBJC_ISA_USAGE = YES_ERROR;
				CLANG_WARN_DOCUMENTATION_COMMENTS = YES;
				CLANG_WARN_EMPTY_BODY = YES;
				CLANG_WARN_ENUM_CONVERSION = YES;
				CLANG_WARN_INFINITE_RECURSION = YES;
				CLANG_WARN_INT_CONVERSION = YES;
				CLANG_WARN_NON_LITERAL_NULL_CONVERSION = YES;
				CLANG_WARN_OBJC_IMPLICIT_RETAIN_SELF = YES;
				CLANG_WARN_OBJC_LITERAL_CONVERSION = YES;
				CLANG_WARN_OBJC_ROOT_CLASS = YES_ERROR;
				CLANG_WARN_RANGE_LOOP_ANALYSIS = YES;
				CLANG_WARN_STRICT_PROTOTYPES = YES;
				CLANG_WARN_SUSPICIOUS_MOVE = YES;
				CLANG_WARN_UNGUARDED_AVAILABILITY = YES_AGGRESSIVE;
				CLANG_WARN_UNREACHABLE_CODE = YES;
				CLANG_WARN__DUPLICATE_METHOD_MATCH = YES;
				COPY_PHASE_STRIP = NO;
				DEBUG_INFORMATION_FORMAT = dwarf;
				ENABLE_STRICT_OBJC_MSGSEND = YES;
				ENABLE_TESTABILITY = YES;
				GCC_C_LANGUAGE_STANDARD = gnu11;
				GCC_DYNAMIC_NO_PIC = NO;
				GCC_NO_COMMON_BLOCKS = YES;
				GCC_OPTIMIZATION_LEVEL = 0;
				GCC_PREPROCESSOR_DEFINITIONS = (
					"DEBUG=1",
					"$(inherited)",
				);
				GCC_WARN_64_TO_32_BIT_CONVERSION = YES;
				GCC_WARN_ABOUT_RETURN_TYPE = YES_ERROR;
				GCC_WARN_UNDECLARED_SELECTOR = YES;
				GCC_WARN_UNINITIALIZED_AUTOS = YES_AGGRESSIVE;
				GCC_WARN_UNUSED_FUNCTION = YES;
				GCC_WARN_UNUSED_VARIABLE = YES;
				IPHONEOS_DEPLOYMENT_TARGET = 13.2;
				MTL_ENABLE_DEBUG_INFO = INCLUDE_SOURCE;
				MTL_FAST_MATH = YES;
				ONLY_ACTIVE_ARCH = YES;
				SDKROOT = iphoneos;
				SWIFT_ACTIVE_COMPILATION_CONDITIONS = DEBUG;
				SWIFT_OPTIMIZATION_LEVEL = "-Onone";
			};
			name = Debug;
		};
		18814E1123F6897600F31818 /* Release */ = {
			isa = XCBuildConfiguration;
			buildSettings = {
				ALWAYS_SEARCH_USER_PATHS = NO;
				CLANG_ANALYZER_NONNULL = YES;
				CLANG_ANALYZER_NUMBER_OBJECT_CONVERSION = YES_AGGRESSIVE;
				CLANG_CXX_LANGUAGE_STANDARD = "gnu++14";
				CLANG_CXX_LIBRARY = "libc++";
				CLANG_ENABLE_MODULES = YES;
				CLANG_ENABLE_OBJC_ARC = YES;
				CLANG_ENABLE_OBJC_WEAK = YES;
				CLANG_WARN_BLOCK_CAPTURE_AUTORELEASING = YES;
				CLANG_WARN_BOOL_CONVERSION = YES;
				CLANG_WARN_COMMA = YES;
				CLANG_WARN_CONSTANT_CONVERSION = YES;
				CLANG_WARN_DEPRECATED_OBJC_IMPLEMENTATIONS = YES;
				CLANG_WARN_DIRECT_OBJC_ISA_USAGE = YES_ERROR;
				CLANG_WARN_DOCUMENTATION_COMMENTS = YES;
				CLANG_WARN_EMPTY_BODY = YES;
				CLANG_WARN_ENUM_CONVERSION = YES;
				CLANG_WARN_INFINITE_RECURSION = YES;
				CLANG_WARN_INT_CONVERSION = YES;
				CLANG_WARN_NON_LITERAL_NULL_CONVERSION = YES;
				CLANG_WARN_OBJC_IMPLICIT_RETAIN_SELF = YES;
				CLANG_WARN_OBJC_LITERAL_CONVERSION = YES;
				CLANG_WARN_OBJC_ROOT_CLASS = YES_ERROR;
				CLANG_WARN_RANGE_LOOP_ANALYSIS = YES;
				CLANG_WARN_STRICT_PROTOTYPES = YES;
				CLANG_WARN_SUSPICIOUS_MOVE = YES;
				CLANG_WARN_UNGUARDED_AVAILABILITY = YES_AGGRESSIVE;
				CLANG_WARN_UNREACHABLE_CODE = YES;
				CLANG_WARN__DUPLICATE_METHOD_MATCH = YES;
				COPY_PHASE_STRIP = NO;
				DEBUG_INFORMATION_FORMAT = "dwarf-with-dsym";
				ENABLE_NS_ASSERTIONS = NO;
				ENABLE_STRICT_OBJC_MSGSEND = YES;
				GCC_C_LANGUAGE_STANDARD = gnu11;
				GCC_NO_COMMON_BLOCKS = YES;
				GCC_WARN_64_TO_32_BIT_CONVERSION = YES;
				GCC_WARN_ABOUT_RETURN_TYPE = YES_ERROR;
				GCC_WARN_UNDECLARED_SELECTOR = YES;
				GCC_WARN_UNINITIALIZED_AUTOS = YES_AGGRESSIVE;
				GCC_WARN_UNUSED_FUNCTION = YES;
				GCC_WARN_UNUSED_VARIABLE = YES;
				IPHONEOS_DEPLOYMENT_TARGET = 13.2;
				MTL_ENABLE_DEBUG_INFO = NO;
				MTL_FAST_MATH = YES;
				SDKROOT = iphoneos;
				SWIFT_COMPILATION_MODE = wholemodule;
				SWIFT_OPTIMIZATION_LEVEL = "-O";
				VALIDATE_PRODUCT = YES;
			};
			name = Release;
		};
		18814E1323F6897600F31818 /* Debug */ = {
			isa = XCBuildConfiguration;
			buildSettings = {
				ASSETCATALOG_COMPILER_APPICON_NAME = AppIcon;
				CODE_SIGN_STYLE = Automatic;
				DEVELOPMENT_TEAM = MC73ARS594;
				INFOPLIST_FILE = KHTTPSVideoPlayer_Swift/Info.plist;
				LD_RUNPATH_SEARCH_PATHS = (
					"$(inherited)",
					"@executable_path/Frameworks",
				);
				PRODUCT_BUNDLE_IDENTIFIER = "com.kyl.KHTTPSVideoPlayer-Swift";
				PRODUCT_NAME = "$(TARGET_NAME)";
				SWIFT_VERSION = 5.0;
				TARGETED_DEVICE_FAMILY = "1,2";
			};
			name = Debug;
		};
		18814E1423F6897600F31818 /* Release */ = {
			isa = XCBuildConfiguration;
			buildSettings = {
				ASSETCATALOG_COMPILER_APPICON_NAME = AppIcon;
				CODE_SIGN_STYLE = Automatic;
				DEVELOPMENT_TEAM = MC73ARS594;
				INFOPLIST_FILE = KHTTPSVideoPlayer_Swift/Info.plist;
				LD_RUNPATH_SEARCH_PATHS = (
					"$(inherited)",
					"@executable_path/Frameworks",
				);
				PRODUCT_BUNDLE_IDENTIFIER = "com.kyl.KHTTPSVideoPlayer-Swift";
				PRODUCT_NAME = "$(TARGET_NAME)";
				SWIFT_VERSION = 5.0;
				TARGETED_DEVICE_FAMILY = "1,2";
			};
			name = Release;
		};
		18814E1623F6897600F31818 /* Debug */ = {
			isa = XCBuildConfiguration;
			buildSettings = {
				ALWAYS_EMBED_SWIFT_STANDARD_LIBRARIES = YES;
				BUNDLE_LOADER = "$(TEST_HOST)";
				CODE_SIGN_STYLE = Automatic;
				DEVELOPMENT_TEAM = MC73ARS594;
				INFOPLIST_FILE = KHTTPSVideoPlayer_SwiftTests/Info.plist;
				IPHONEOS_DEPLOYMENT_TARGET = 13.2;
				LD_RUNPATH_SEARCH_PATHS = (
					"$(inherited)",
					"@executable_path/Frameworks",
					"@loader_path/Frameworks",
				);
				PRODUCT_BUNDLE_IDENTIFIER = "com.kyl.KHTTPSVideoPlayer-SwiftTests";
				PRODUCT_NAME = "$(TARGET_NAME)";
				SWIFT_VERSION = 5.0;
				TARGETED_DEVICE_FAMILY = "1,2";
				TEST_HOST = "$(BUILT_PRODUCTS_DIR)/KHTTPSVideoPlayer_Swift.app/KHTTPSVideoPlayer_Swift";
			};
			name = Debug;
		};
		18814E1723F6897600F31818 /* Release */ = {
			isa = XCBuildConfiguration;
			buildSettings = {
				ALWAYS_EMBED_SWIFT_STANDARD_LIBRARIES = YES;
				BUNDLE_LOADER = "$(TEST_HOST)";
				CODE_SIGN_STYLE = Automatic;
				DEVELOPMENT_TEAM = MC73ARS594;
				INFOPLIST_FILE = KHTTPSVideoPlayer_SwiftTests/Info.plist;
				IPHONEOS_DEPLOYMENT_TARGET = 13.2;
				LD_RUNPATH_SEARCH_PATHS = (
					"$(inherited)",
					"@executable_path/Frameworks",
					"@loader_path/Frameworks",
				);
				PRODUCT_BUNDLE_IDENTIFIER = "com.kyl.KHTTPSVideoPlayer-SwiftTests";
				PRODUCT_NAME = "$(TARGET_NAME)";
				SWIFT_VERSION = 5.0;
				TARGETED_DEVICE_FAMILY = "1,2";
				TEST_HOST = "$(BUILT_PRODUCTS_DIR)/KHTTPSVideoPlayer_Swift.app/KHTTPSVideoPlayer_Swift";
			};
			name = Release;
		};
		18814E1923F6897600F31818 /* Debug */ = {
			isa = XCBuildConfiguration;
			buildSettings = {
				ALWAYS_EMBED_SWIFT_STANDARD_LIBRARIES = YES;
				CODE_SIGN_STYLE = Automatic;
				DEVELOPMENT_TEAM = MC73ARS594;
				INFOPLIST_FILE = KHTTPSVideoPlayer_SwiftUITests/Info.plist;
				LD_RUNPATH_SEARCH_PATHS = (
					"$(inherited)",
					"@executable_path/Frameworks",
					"@loader_path/Frameworks",
				);
				PRODUCT_BUNDLE_IDENTIFIER = "com.kyl.KHTTPSVideoPlayer-SwiftUITests";
				PRODUCT_NAME = "$(TARGET_NAME)";
				SWIFT_VERSION = 5.0;
				TARGETED_DEVICE_FAMILY = "1,2";
				TEST_TARGET_NAME = KHTTPSVideoPlayer_Swift;
			};
			name = Debug;
		};
		18814E1A23F6897600F31818 /* Release */ = {
			isa = XCBuildConfiguration;
			buildSettings = {
				ALWAYS_EMBED_SWIFT_STANDARD_LIBRARIES = YES;
				CODE_SIGN_STYLE = Automatic;
				DEVELOPMENT_TEAM = MC73ARS594;
				INFOPLIST_FILE = KHTTPSVideoPlayer_SwiftUITests/Info.plist;
				LD_RUNPATH_SEARCH_PATHS = (
					"$(inherited)",
					"@executable_path/Frameworks",
					"@loader_path/Frameworks",
				);
				PRODUCT_BUNDLE_IDENTIFIER = "com.kyl.KHTTPSVideoPlayer-SwiftUITests";
				PRODUCT_NAME = "$(TARGET_NAME)";
				SWIFT_VERSION = 5.0;
				TARGETED_DEVICE_FAMILY = "1,2";
				TEST_TARGET_NAME = KHTTPSVideoPlayer_Swift;
			};
			name = Release;
		};
/* End XCBuildConfiguration section */

/* Begin XCConfigurationList section */
		18814DE323F6897400F31818 /* Build configuration list for PBXProject "KHTTPSVideoPlayer_Swift" */ = {
			isa = XCConfigurationList;
			buildConfigurations = (
				18814E1023F6897600F31818 /* Debug */,
				18814E1123F6897600F31818 /* Release */,
			);
			defaultConfigurationIsVisible = 0;
			defaultConfigurationName = Release;
		};
		18814E1223F6897600F31818 /* Build configuration list for PBXNativeTarget "KHTTPSVideoPlayer_Swift" */ = {
			isa = XCConfigurationList;
			buildConfigurations = (
				18814E1323F6897600F31818 /* Debug */,
				18814E1423F6897600F31818 /* Release */,
			);
			defaultConfigurationIsVisible = 0;
			defaultConfigurationName = Release;
		};
		18814E1523F6897600F31818 /* Build configuration list for PBXNativeTarget "KHTTPSVideoPlayer_SwiftTests" */ = {
			isa = XCConfigurationList;
			buildConfigurations = (
				18814E1623F6897600F31818 /* Debug */,
				18814E1723F6897600F31818 /* Release */,
			);
			defaultConfigurationIsVisible = 0;
			defaultConfigurationName = Release;
		};
		18814E1823F6897600F31818 /* Build configuration list for PBXNativeTarget "KHTTPSVideoPlayer_SwiftUITests" */ = {
			isa = XCConfigurationList;
			buildConfigurations = (
				18814E1923F6897600F31818 /* Debug */,
				18814E1A23F6897600F31818 /* Release */,
			);
			defaultConfigurationIsVisible = 0;
			defaultConfigurationName = Release;
		};
/* End XCConfigurationList section */
	};
	rootObject = 18814DE023F6897400F31818 /* Project object */;
}
